
Microsoft Visual Studio Solution File, Format Version 12.00
Project("{FAE04EC0-301F-11D3-BF4B-00C04F79EFBC}") = "EBookDB", "EBookDB.csproj", "{F760F9CC-DE8C-4598-8440-C1617506616E}"
EndProject
Global
	GlobalSection(SolutionConfigurationPlatforms) = preSolution
		Debug|Any CPU = Debug|Any CPU
		Release|Any CPU = Release|Any CPU
	EndGlobalSection
	GlobalSection(ProjectConfigurationPlatforms) = postSolution
		{F760F9CC-DE8C-4598-8440-C1617506616E}.Debug|Any CPU.ActiveCfg = Debug|Any CPU
		{F760F9CC-DE8C-4598-8440-C1617506616E}.Debug|Any CPU.Build.0 = Debug|Any CPU
		{F760F9CC-DE8C-4598-8440-C1617506616E}.Release|Any CPU.ActiveCfg = Release|Any CPU
		{F760F9CC-DE8C-4598-8440-C1617506616E}.Release|Any CPU.Build.0 = Release|Any CPU
	EndGlobalSection
EndGlobal
